
Microsoft Visual Studio Solution File, Format Version 12.00
# Visual Studio 2012
Project("{FAE04EC0-301F-11D3-BF4B-00C04F79EFBC}") = "Xamarin.Forms.Mocks", "Xamarin.Forms.Mocks\Xamarin.Forms.Mocks.csproj", "{AFB557D0-683D-4370-8851-23A617B8079A}"
EndProject
Project("{FAE04EC0-301F-11D3-BF4B-00C04F79EFBC}") = "Xamarin.Forms.Mocks.Xaml", "Xamarin.Forms.Mocks.Xaml\Xamarin.Forms.Mocks.Xaml.csproj", "{3D6DA511-5995-48B7-89DD-CD8D08993907}"
EndProject
Project("{FAE04EC0-301F-11D3-BF4B-00C04F79EFBC}") = "Xamarin.Forms.Mocks.Tests", "Xamarin.Forms.Mocks.Tests\Xamarin.Forms.Mocks.Tests.csproj", "{2ECEE799-2725-4E43-8835-119F1D0FF1A5}"
EndProject
Global
	GlobalSection(SolutionConfigurationPlatforms) = preSolution
		Debug|Any CPU = Debug|Any CPU
		Release|Any CPU = Release|Any CPU
	EndGlobalSection
	GlobalSection(ProjectConfigurationPlatforms) = postSolution
		{AFB557D0-683D-4370-8851-23A617B8079A}.Debug|Any CPU.ActiveCfg = Debug|Any CPU
		{AFB557D0-683D-4370-8851-23A617B8079A}.Debug|Any CPU.Build.0 = Debug|Any CPU
		{AFB557D0-683D-4370-8851-23A617B8079A}.Release|Any CPU.ActiveCfg = Release|Any CPU
		{AFB557D0-683D-4370-8851-23A617B8079A}.Release|Any CPU.Build.0 = Release|Any CPU
		{3D6DA511-5995-48B7-89DD-CD8D08993907}.Debug|Any CPU.ActiveCfg = Debug|Any CPU
		{3D6DA511-5995-48B7-89DD-CD8D08993907}.Debug|Any CPU.Build.0 = Debug|Any CPU
		{3D6DA511-5995-48B7-89DD-CD8D08993907}.Release|Any CPU.ActiveCfg = Release|Any CPU
		{3D6DA511-5995-48B7-89DD-CD8D08993907}.Release|Any CPU.Build.0 = Release|Any CPU
		{2ECEE799-2725-4E43-8835-119F1D0FF1A5}.Debug|Any CPU.ActiveCfg = Debug|Any CPU
		{2ECEE799-2725-4E43-8835-119F1D0FF1A5}.Debug|Any CPU.Build.0 = Debug|Any CPU
		{2ECEE799-2725-4E43-8835-119F1D0FF1A5}.Release|Any CPU.ActiveCfg = Release|Any CPU
		{2ECEE799-2725-4E43-8835-119F1D0FF1A5}.Release|Any CPU.Build.0 = Release|Any CPU
	EndGlobalSection
EndGlobal
